# This file is autogenerated, do not edit; changes may be undone by the next 'dep ensure'.


[[projects]]
  branch = "master"
  name = "github.com/go-gl/gl"
  packages = ["v2.1/gl","v3.2-core/gl"]
  revision = "ac0d3d2af0fe995e2bb09fa6619b716b0c0fc0fa"

[[projects]]
  branch = "master"
  name = "github.com/go-gl/glfw"
  packages = ["v3.2/glfw"]
  revision = "513e4f2bf85c31fba0fc4907abd7895242ccbe50"

[[projects]]
  branch = "master"
  name = "github.com/go-gl/mathgl"
  packages = ["mgl32"]
  revision = "062629838a6b477efe492188d39194935ac07cd6"

[[projects]]
  branch = "master"
  name = "github.com/golang-ui/nuklear"
  packages = ["nk"]
  revision = "5e3698827620d58c1a606da502897bf2a81e0337"

[[projects]]
  branch = "master"
  name = "github.com/golang/freetype"
  packages = [".","raster","truetype"]
  revision = "e2365dfdc4a05e4b8299a783240d4a7d5a65d4e4"

[[projects]]
  branch = "master"
  name = "github.com/jakecoffman/binser"
  packages = ["."]
  revision = "e70602c920cccd2807131993d9d536091a110be5"

[[projects]]
  branch = "master"
  name = "github.com/jakecoffman/cp"
  packages = ["."]
  revision = "fede0b38b2e3a265b8b6cc414375d4ca1cbcdf9f"

[[projects]]
  name = "github.com/veandco/go-sdl2"
  packages = ["sdl"]
  revision = "30f30965227962032c13bd0b12a89e6a5107c768"
  version = "v0.2"

[[projects]]
  branch = "master"
  name = "github.com/xlab/android-go"
  packages = ["android","egl","gles2","gles3"]
  revision = "5051ff33bc6ae9450ba579dec658c49a8038240c"

[[projects]]
  branch = "master"
  name = "golang.org/x/image"
  packages = ["font","math/f32","math/fixed"]
  revision = "12117c17ca67ffa1ce22e9409f3b0b0a93ac08c7"

[solve-meta]
  analyzer-name = "dep"
  analyzer-version = 1
  inputs-digest = "4a3d32df744825f2936ef89c60e7cc3dbb944dd8fb40c6900a8828c4b66a4fce"
  solver-name = "gps-cdcl"
  solver-version = 1
